
Microsoft Visual Studio Solution File, Format Version 12.00
# Visual Studio Version 17
VisualStudioVersion = 17.0.31903.59
MinimumVisualStudioVersion = 10.0.40219.1
Project("{F2A71F9B-5D33-465A-A702-920D77279786}") = "Ayane.Client", "Ayane.Client\Ayane.Client.fsproj", "{8B2DE1B6-4241-45E8-B92C-CA5B827E9C28}"
EndProject
Project("{F2A71F9B-5D33-465A-A702-920D77279786}") = "Ayane.Server", "Ayane.Server\Ayane.Server.fsproj", "{F0F32D07-E65A-4DFD-9551-577DDA61662F}"
EndProject
Project("{F2A71F9B-5D33-465A-A702-920D77279786}") = "Ayane.Shared", "Ayane.Shared\Ayane.Shared.fsproj", "{2153237A-DC13-4D4F-A09A-1E50E82BFC4D}"
EndProject
Global
	GlobalSection(SolutionConfigurationPlatforms) = preSolution
		Debug|Any CPU = Debug|Any CPU
		Release|Any CPU = Release|Any CPU
	EndGlobalSection
	GlobalSection(SolutionProperties) = preSolution
		HideSolutionNode = FALSE
	EndGlobalSection
	GlobalSection(ProjectConfigurationPlatforms) = postSolution
		{8B2DE1B6-4241-45E8-B92C-CA5B827E9C28}.Debug|Any CPU.ActiveCfg = Debug|Any CPU
		{8B2DE1B6-4241-45E8-B92C-CA5B827E9C28}.Debug|Any CPU.Build.0 = Debug|Any CPU
		{8B2DE1B6-4241-45E8-B92C-CA5B827E9C28}.Release|Any CPU.ActiveCfg = Release|Any CPU
		{8B2DE1B6-4241-45E8-B92C-CA5B827E9C28}.Release|Any CPU.Build.0 = Release|Any CPU
		{F0F32D07-E65A-4DFD-9551-577DDA61662F}.Debug|Any CPU.ActiveCfg = Debug|Any CPU
		{F0F32D07-E65A-4DFD-9551-577DDA61662F}.Debug|Any CPU.Build.0 = Debug|Any CPU
		{F0F32D07-E65A-4DFD-9551-577DDA61662F}.Release|Any CPU.ActiveCfg = Release|Any CPU
		{F0F32D07-E65A-4DFD-9551-577DDA61662F}.Release|Any CPU.Build.0 = Release|Any CPU
		{2153237A-DC13-4D4F-A09A-1E50E82BFC4D}.Debug|Any CPU.ActiveCfg = Debug|Any CPU
		{2153237A-DC13-4D4F-A09A-1E50E82BFC4D}.Debug|Any CPU.Build.0 = Debug|Any CPU
		{2153237A-DC13-4D4F-A09A-1E50E82BFC4D}.Release|Any CPU.ActiveCfg = Release|Any CPU
		{2153237A-DC13-4D4F-A09A-1E50E82BFC4D}.Release|Any CPU.Build.0 = Release|Any CPU
	EndGlobalSection
EndGlobal
